{
    "name": "@anfo/egg-anfo-validator",
    "version": "1.0.7",
    "lockfileVersion": 2,
    "requires": true,
    "packages": {
        "": {
            "name": "@anfo/egg-anfo-validator",
            "version": "1.0.7",
            "dependencies": {
                "@anfo/validator": "^2.2.2"
            }
        },
        "node_modules/@anfo/validator": {
            "version": "2.2.5",
            "resolved": "https://registry.npmjs.org/@anfo/validator/-/validator-2.2.5.tgz",
            "integrity": "sha512-nuwJwB+xqt/bJYeRBB3X20NSxWVIop8BudtEaFVjPs64BUvVa+Ru31ocaER/OToMaVqF3RDGPyS5/+FlItO+5w=="
        }
    },
    "dependencies": {
        "@anfo/validator": {
            "version": "2.2.5",
            "resolved": "https://registry.npmjs.org/@anfo/validator/-/validator-2.2.5.tgz",
            "integrity": "sha512-nuwJwB+xqt/bJYeRBB3X20NSxWVIop8BudtEaFVjPs64BUvVa+Ru31ocaER/OToMaVqF3RDGPyS5/+FlItO+5w=="
        }
    }
}
